
Microsoft Visual Studio Solution File, Format Version 12.00
# Visual Studio 2012
Project("{8BC9CEB8-8B4A-11D0-8D11-00A0C91BC942}") = "DxLib_Bullet", "DxLib_Bullet\DxLib_Bullet.vcxproj", "{FACFF150-C284-4FBF-954F-8C82730345A3}"
EndProject
Global
	GlobalSection(SolutionConfigurationPlatforms) = preSolution
		Debug|Win32 = Debug|Win32
		Release|Win32 = Release|Win32
	EndGlobalSection
	GlobalSection(ProjectConfigurationPlatforms) = postSolution
		{FACFF150-C284-4FBF-954F-8C82730345A3}.Debug|Win32.ActiveCfg = Debug|Win32
		{FACFF150-C284-4FBF-954F-8C82730345A3}.Debug|Win32.Build.0 = Debug|Win32
		{FACFF150-C284-4FBF-954F-8C82730345A3}.Release|Win32.ActiveCfg = Release|Win32
		{FACFF150-C284-4FBF-954F-8C82730345A3}.Release|Win32.Build.0 = Release|Win32
	EndGlobalSection
	GlobalSection(SolutionProperties) = preSolution
		HideSolutionNode = FALSE
	EndGlobalSection
EndGlobal
